// !$*UTF8*$!
{
	archiveVersion = 1;
	classes = {
	};
	objectVersion = 50;
	objects = {

/* Begin PBXBuildFile section */
		9A0380AF2450D520004D16F5 /* Queries.swift in Sources */ = {isa = PBXBuildFile; fileRef = 9A0380AE2450D520004D16F5 /* Queries.swift */; };
		9A0380B12450EFD2004D16F5 /* CountryDetailsQueryProvider.swift in Sources */ = {isa = PBXBuildFile; fileRef = 9A0380B02450EFD2004D16F5 /* CountryDetailsQueryProvider.swift */; };
		9A0380B52450F0AB004D16F5 /* ContinentListQueryProvider.swift in Sources */ = {isa = PBXBuildFile; fileRef = 9A0380B42450F0AB004D16F5 /* ContinentListQueryProvider.swift */; };
		9A5B21742436427C0012593A /* Spinner.swift in Sources */ = {isa = PBXBuildFile; fileRef = 9A5B21732436427C0012593A /* Spinner.swift */; };
		9A613C87243676B100718082 /* System.swift in Sources */ = {isa = PBXBuildFile; fileRef = 9A613C86243676B100718082 /* System.swift */; };
		9A613C89243676C200718082 /* Feedback.swift in Sources */ = {isa = PBXBuildFile; fileRef = 9A613C88243676C200718082 /* Feedback.swift */; };
		9A613C8B2436819600718082 /* View+Extensions.swift in Sources */ = {isa = PBXBuildFile; fileRef = 9A613C8A2436819600718082 /* View+Extensions.swift */; };
		9A613C8D2436871800718082 /* ContinentRow.swift in Sources */ = {isa = PBXBuildFile; fileRef = 9A613C8C2436871800718082 /* ContinentRow.swift */; };
		9A613C90243691B900718082 /* ContinentDetailsView.swift in Sources */ = {isa = PBXBuildFile; fileRef = 9A613C8F243691B900718082 /* ContinentDetailsView.swift */; };
		9A7CD50B24378D0C0063E9DB /* CountryDetailsViewModel.swift in Sources */ = {isa = PBXBuildFile; fileRef = 9A7CD50A24378D0C0063E9DB /* CountryDetailsViewModel.swift */; };
		9A893BC824351F3A00F542C8 /* ContinentListViewModel.swift in Sources */ = {isa = PBXBuildFile; fileRef = 9A893BC724351F3A00F542C8 /* ContinentListViewModel.swift */; };
		9A9AB9A0242CF763000CB1C7 /* AppDelegate.swift in Sources */ = {isa = PBXBuildFile; fileRef = 9A9AB99F242CF763000CB1C7 /* AppDelegate.swift */; };
		9A9AB9A2242CF763000CB1C7 /* SceneDelegate.swift in Sources */ = {isa = PBXBuildFile; fileRef = 9A9AB9A1242CF763000CB1C7 /* SceneDelegate.swift */; };
		9A9AB9A4242CF763000CB1C7 /* ContinentListView.swift in Sources */ = {isa = PBXBuildFile; fileRef = 9A9AB9A3242CF763000CB1C7 /* ContinentListView.swift */; };
		9A9AB9A6242CF764000CB1C7 /* Assets.xcassets in Resources */ = {isa = PBXBuildFile; fileRef = 9A9AB9A5242CF764000CB1C7 /* Assets.xcassets */; };
		9A9AB9A9242CF764000CB1C7 /* Preview Assets.xcassets in Resources */ = {isa = PBXBuildFile; fileRef = 9A9AB9A8242CF764000CB1C7 /* Preview Assets.xcassets */; };
		9A9AB9AC242CF764000CB1C7 /* LaunchScreen.storyboard in Resources */ = {isa = PBXBuildFile; fileRef = 9A9AB9AA242CF764000CB1C7 /* LaunchScreen.storyboard */; };
		9A9AB9B4242CF781000CB1C7 /* Country.swift in Sources */ = {isa = PBXBuildFile; fileRef = 9A9AB9B3242CF781000CB1C7 /* Country.swift */; };
		9A9AB9B6242CF7BB000CB1C7 /* Language.swift in Sources */ = {isa = PBXBuildFile; fileRef = 9A9AB9B5242CF7BB000CB1C7 /* Language.swift */; };
		9A9AB9B8242CF7C5000CB1C7 /* Continent.swift in Sources */ = {isa = PBXBuildFile; fileRef = 9A9AB9B7242CF7C5000CB1C7 /* Continent.swift */; };
		9A9AB9BA242CF81B000CB1C7 /* Province.swift in Sources */ = {isa = PBXBuildFile; fileRef = 9A9AB9B9242CF81B000CB1C7 /* Province.swift */; };
		9ACF49D2242E6A1800FA269D /* CountryDetailsView.swift in Sources */ = {isa = PBXBuildFile; fileRef = 9ACF49D1242E6A1800FA269D /* CountryDetailsView.swift */; };
		9ACF49D4242E879500FA269D /* CountryRow.swift in Sources */ = {isa = PBXBuildFile; fileRef = 9ACF49D3242E879500FA269D /* CountryRow.swift */; };
		9ADB354C244F854900D11F63 /* Networking.swift in Sources */ = {isa = PBXBuildFile; fileRef = 9ADB354B244F854900D11F63 /* Networking.swift */; };
/* End PBXBuildFile section */

/* Begin PBXFileReference section */
		9A0380AE2450D520004D16F5 /* Queries.swift */ = {isa = PBXFileReference; lastKnownFileType = sourcecode.swift; path = Queries.swift; sourceTree = "<group>"; };
		9A0380B02450EFD2004D16F5 /* CountryDetailsQueryProvider.swift */ = {isa = PBXFileReference; lastKnownFileType = sourcecode.swift; path = CountryDetailsQueryProvider.swift; sourceTree = "<group>"; };
		9A0380B42450F0AB004D16F5 /* ContinentListQueryProvider.swift */ = {isa = PBXFileReference; lastKnownFileType = sourcecode.swift; path = ContinentListQueryProvider.swift; sourceTree = "<group>"; };
		9A5B21732436427C0012593A /* Spinner.swift */ = {isa = PBXFileReference; lastKnownFileType = sourcecode.swift; path = Spinner.swift; sourceTree = "<group>"; };
		9A613C86243676B100718082 /* System.swift */ = {isa = PBXFileReference; lastKnownFileType = sourcecode.swift; path = System.swift; sourceTree = "<group>"; };
		9A613C88243676C200718082 /* Feedback.swift */ = {isa = PBXFileReference; lastKnownFileType = sourcecode.swift; path = Feedback.swift; sourceTree = "<group>"; };
		9A613C8A2436819600718082 /* View+Extensions.swift */ = {isa = PBXFileReference; lastKnownFileType = sourcecode.swift; path = "View+Extensions.swift"; sourceTree = "<group>"; };
		9A613C8C2436871800718082 /* ContinentRow.swift */ = {isa = PBXFileReference; lastKnownFileType = sourcecode.swift; path = ContinentRow.swift; sourceTree = "<group>"; };
		9A613C8F243691B900718082 /* ContinentDetailsView.swift */ = {isa = PBXFileReference; lastKnownFileType = sourcecode.swift; path = ContinentDetailsView.swift; sourceTree = "<group>"; };
		9A7CD50A24378D0C0063E9DB /* CountryDetailsViewModel.swift */ = {isa = PBXFileReference; lastKnownFileType = sourcecode.swift; path = CountryDetailsViewModel.swift; sourceTree = "<group>"; };
		9A893BC724351F3A00F542C8 /* ContinentListViewModel.swift */ = {isa = PBXFileReference; lastKnownFileType = sourcecode.swift; path = ContinentListViewModel.swift; sourceTree = "<group>"; };
		9A9AB99C242CF763000CB1C7 /* Around the World.app */ = {isa = PBXFileReference; explicitFileType = wrapper.application; includeInIndex = 0; path = "Around the World.app"; sourceTree = BUILT_PRODUCTS_DIR; };
		9A9AB99F242CF763000CB1C7 /* AppDelegate.swift */ = {isa = PBXFileReference; lastKnownFileType = sourcecode.swift; path = AppDelegate.swift; sourceTree = "<group>"; };
		9A9AB9A1242CF763000CB1C7 /* SceneDelegate.swift */ = {isa = PBXFileReference; lastKnownFileType = sourcecode.swift; path = SceneDelegate.swift; sourceTree = "<group>"; };
		9A9AB9A3242CF763000CB1C7 /* ContinentListView.swift */ = {isa = PBXFileReference; lastKnownFileType = sourcecode.swift; path = ContinentListView.swift; sourceTree = "<group>"; };
		9A9AB9A5242CF764000CB1C7 /* Assets.xcassets */ = {isa = PBXFileReference; lastKnownFileType = folder.assetcatalog; path = Assets.xcassets; sourceTree = "<group>"; };
		9A9AB9A8242CF764000CB1C7 /* Preview Assets.xcassets */ = {isa = PBXFileReference; lastKnownFileType = folder.assetcatalog; path = "Preview Assets.xcassets"; sourceTree = "<group>"; };
		9A9AB9AB242CF764000CB1C7 /* Base */ = {isa = PBXFileReference; lastKnownFileType = file.storyboard; name = Base; path = Base.lproj/LaunchScreen.storyboard; sourceTree = "<group>"; };
		9A9AB9AD242CF764000CB1C7 /* Info.plist */ = {isa = PBXFileReference; lastKnownFileType = text.plist.xml; path = Info.plist; sourceTree = "<group>"; };
		9A9AB9B3242CF781000CB1C7 /* Country.swift */ = {isa = PBXFileReference; lastKnownFileType = sourcecode.swift; path = Country.swift; sourceTree = "<group>"; };
		9A9AB9B5242CF7BB000CB1C7 /* Language.swift */ = {isa = PBXFileReference; lastKnownFileType = sourcecode.swift; path = Language.swift; sourceTree = "<group>"; };
		9A9AB9B7242CF7C5000CB1C7 /* Continent.swift */ = {isa = PBXFileReference; lastKnownFileType = sourcecode.swift; path = Continent.swift; sourceTree = "<group>"; };
		9A9AB9B9242CF81B000CB1C7 /* Province.swift */ = {isa = PBXFileReference; lastKnownFileType = sourcecode.swift; path = Province.swift; sourceTree = "<group>"; };
		9ACF49D1242E6A1800FA269D /* CountryDetailsView.swift */ = {isa = PBXFileReference; lastKnownFileType = sourcecode.swift; path = CountryDetailsView.swift; sourceTree = "<group>"; };
		9ACF49D3242E879500FA269D /* CountryRow.swift */ = {isa = PBXFileReference; lastKnownFileType = sourcecode.swift; path = CountryRow.swift; sourceTree = "<group>"; };
		9ADB354B244F854900D11F63 /* Networking.swift */ = {isa = PBXFileReference; lastKnownFileType = sourcecode.swift; path = Networking.swift; sourceTree = "<group>"; };
/* End PBXFileReference section */

/* Begin PBXFrameworksBuildPhase section */
		9A9AB999242CF763000CB1C7 /* Frameworks */ = {
			isa = PBXFrameworksBuildPhase;
			buildActionMask = 2147483647;
			files = (
			);
			runOnlyForDeploymentPostprocessing = 0;
		};
/* End PBXFrameworksBuildPhase section */

/* Begin PBXGroup section */
		9A5B21712436421D0012593A /* Continent List */ = {
			isa = PBXGroup;
			children = (
				9A9AB9A3242CF763000CB1C7 /* ContinentListView.swift */,
				9A613C8C2436871800718082 /* ContinentRow.swift */,
				9A893BC724351F3A00F542C8 /* ContinentListViewModel.swift */,
				9A0380B42450F0AB004D16F5 /* ContinentListQueryProvider.swift */,
			);
			path = "Continent List";
			sourceTree = "<group>";
		};
		9A5B21722436425D0012593A /* Views */ = {
			isa = PBXGroup;
			children = (
				9A613C8E243687D200718082 /* Continent Details */,
				9A5B21712436421D0012593A /* Continent List */,
				9A9AB9BC242CF926000CB1C7 /* Country Details */,
				9A5B2175243643BD0012593A /* Supporting Views */,
				9A613C8A2436819600718082 /* View+Extensions.swift */,
			);
			path = Views;
			sourceTree = "<group>";
		};
		9A5B2175243643BD0012593A /* Supporting Views */ = {
			isa = PBXGroup;
			children = (
				9A5B21732436427C0012593A /* Spinner.swift */,
			);
			path = "Supporting Views";
			sourceTree = "<group>";
		};
		9A613C852436769B00718082 /* Feedback */ = {
			isa = PBXGroup;
			children = (
				9A613C86243676B100718082 /* System.swift */,
				9A613C88243676C200718082 /* Feedback.swift */,
			);
			path = Feedback;
			sourceTree = "<group>";
		};
		9A613C8E243687D200718082 /* Continent Details */ = {
			isa = PBXGroup;
			children = (
				9ACF49D3242E879500FA269D /* CountryRow.swift */,
				9A613C8F243691B900718082 /* ContinentDetailsView.swift */,
			);
			path = "Continent Details";
			sourceTree = "<group>";
		};
		9A9AB993242CF763000CB1C7 = {
			isa = PBXGroup;
			children = (
				9A9AB99E242CF763000CB1C7 /* Around the World */,
				9A9AB99D242CF763000CB1C7 /* Products */,
			);
			sourceTree = "<group>";
		};
		9A9AB99D242CF763000CB1C7 /* Products */ = {
			isa = PBXGroup;
			children = (
				9A9AB99C242CF763000CB1C7 /* Around the World.app */,
			);
			name = Products;
			sourceTree = "<group>";
		};
		9A9AB99E242CF763000CB1C7 /* Around the World */ = {
			isa = PBXGroup;
			children = (
				9A9AB99F242CF763000CB1C7 /* AppDelegate.swift */,
				9A9AB9A1242CF763000CB1C7 /* SceneDelegate.swift */,
				9A5B21722436425D0012593A /* Views */,
				9A9AB9BD242CF933000CB1C7 /* Networking */,
				9A613C852436769B00718082 /* Feedback */,
				9A9AB9BB242CF8BD000CB1C7 /* Data Models */,
				9A9AB9A5242CF764000CB1C7 /* Assets.xcassets */,
				9A9AB9AA242CF764000CB1C7 /* LaunchScreen.storyboard */,
				9A9AB9AD242CF764000CB1C7 /* Info.plist */,
				9A9AB9A7242CF764000CB1C7 /* Preview Content */,
			);
			path = "Around the World";
			sourceTree = "<group>";
		};
		9A9AB9A7242CF764000CB1C7 /* Preview Content */ = {
			isa = PBXGroup;
			children = (
				9A9AB9A8242CF764000CB1C7 /* Preview Assets.xcassets */,
			);
			path = "Preview Content";
			sourceTree = "<group>";
		};
		9A9AB9BB242CF8BD000CB1C7 /* Data Models */ = {
			isa = PBXGroup;
			children = (
				9A9AB9B3242CF781000CB1C7 /* Country.swift */,
				9A9AB9B9242CF81B000CB1C7 /* Province.swift */,
				9A9AB9B5242CF7BB000CB1C7 /* Language.swift */,
				9A9AB9B7242CF7C5000CB1C7 /* Continent.swift */,
			);
			path = "Data Models";
			sourceTree = "<group>";
		};
		9A9AB9BC242CF926000CB1C7 /* Country Details */ = {
			isa = PBXGroup;
			children = (
				9ACF49D1242E6A1800FA269D /* CountryDetailsView.swift */,
				9A7CD50A24378D0C0063E9DB /* CountryDetailsViewModel.swift */,
				9A0380B02450EFD2004D16F5 /* CountryDetailsQueryProvider.swift */,
			);
			path = "Country Details";
			sourceTree = "<group>";
		};
		9A9AB9BD242CF933000CB1C7 /* Networking */ = {
			isa = PBXGroup;
			children = (
				9ADB354B244F854900D11F63 /* Networking.swift */,
				9A0380AE2450D520004D16F5 /* Queries.swift */,
			);
			path = Networking;
			sourceTree = "<group>";
		};
/* End PBXGroup section */

/* Begin PBXNativeTarget section */
		9A9AB99B242CF763000CB1C7 /* Around the World */ = {
			isa = PBXNativeTarget;
			buildConfigurationList = 9A9AB9B0242CF764000CB1C7 /* Build configuration list for PBXNativeTarget "Around the World" */;
			buildPhases = (
				9A9AB998242CF763000CB1C7 /* Sources */,
				9A9AB999242CF763000CB1C7 /* Frameworks */,
				9A9AB99A242CF763000CB1C7 /* Resources */,
			);
			buildRules = (
			);
			dependencies = (
			);
			name = "Around the World";
			packageProductDependencies = (
			);
			productName = "Around the World";
			productReference = 9A9AB99C242CF763000CB1C7 /* Around the World.app */;
			productType = "com.apple.product-type.application";
		};
/* End PBXNativeTarget section */

/* Begin PBXProject section */
		9A9AB994242CF763000CB1C7 /* Project object */ = {
			isa = PBXProject;
			attributes = {
				LastSwiftUpdateCheck = 1130;
				LastUpgradeCheck = 1130;
				ORGANIZATIONNAME = "Madison Yost";
				TargetAttributes = {
					9A9AB99B242CF763000CB1C7 = {
						CreatedOnToolsVersion = 11.3.1;
					};
				};
			};
			buildConfigurationList = 9A9AB997242CF763000CB1C7 /* Build configuration list for PBXProject "Around the World" */;
			compatibilityVersion = "Xcode 9.3";
			developmentRegion = en;
			hasScannedForEncodings = 0;
			knownRegions = (
				en,
				Base,
			);
			mainGroup = 9A9AB993242CF763000CB1C7;
			packageReferences = (
			);
			productRefGroup = 9A9AB99D242CF763000CB1C7 /* Products */;
			projectDirPath = "";
			projectRoot = "";
			targets = (
				9A9AB99B242CF763000CB1C7 /* Around the World */,
			);
		};
/* End PBXProject section */

/* Begin PBXResourcesBuildPhase section */
		9A9AB99A242CF763000CB1C7 /* Resources */ = {
			isa = PBXResourcesBuildPhase;
			buildActionMask = 2147483647;
			files = (
				9A9AB9AC242CF764000CB1C7 /* LaunchScreen.storyboard in Resources */,
				9A9AB9A9242CF764000CB1C7 /* Preview Assets.xcassets in Resources */,
				9A9AB9A6242CF764000CB1C7 /* Assets.xcassets in Resources */,
			);
			runOnlyForDeploymentPostprocessing = 0;
		};
/* End PBXResourcesBuildPhase section */

/* Begin PBXSourcesBuildPhase section */
		9A9AB998242CF763000CB1C7 /* Sources */ = {
			isa = PBXSourcesBuildPhase;
			buildActionMask = 2147483647;
			files = (
				9A9AB9B4242CF781000CB1C7 /* Country.swift in Sources */,
				9A613C8D2436871800718082 /* ContinentRow.swift in Sources */,
				9A0380AF2450D520004D16F5 /* Queries.swift in Sources */,
				9A9AB9B6242CF7BB000CB1C7 /* Language.swift in Sources */,
				9A613C89243676C200718082 /* Feedback.swift in Sources */,
				9A9AB9B8242CF7C5000CB1C7 /* Continent.swift in Sources */,
				9ACF49D4242E879500FA269D /* CountryRow.swift in Sources */,
				9ADB354C244F854900D11F63 /* Networking.swift in Sources */,
				9A5B21742436427C0012593A /* Spinner.swift in Sources */,
				9A613C8B2436819600718082 /* View+Extensions.swift in Sources */,
				9A7CD50B24378D0C0063E9DB /* CountryDetailsViewModel.swift in Sources */,
				9A9AB9A0242CF763000CB1C7 /* AppDelegate.swift in Sources */,
				9A0380B52450F0AB004D16F5 /* ContinentListQueryProvider.swift in Sources */,
				9A9AB9A2242CF763000CB1C7 /* SceneDelegate.swift in Sources */,
				9A613C87243676B100718082 /* System.swift in Sources */,
				9A613C90243691B900718082 /* ContinentDetailsView.swift in Sources */,
				9A9AB9BA242CF81B000CB1C7 /* Province.swift in Sources */,
				9A893BC824351F3A00F542C8 /* ContinentListViewModel.swift in Sources */,
				9A9AB9A4242CF763000CB1C7 /* ContinentListView.swift in Sources */,
				9A0380B12450EFD2004D16F5 /* CountryDetailsQueryProvider.swift in Sources */,
				9ACF49D2242E6A1800FA269D /* CountryDetailsView.swift in Sources */,
			);
			runOnlyForDeploymentPostprocessing = 0;
		};
/* End PBXSourcesBuildPhase section */

/* Begin PBXVariantGroup section */
		9A9AB9AA242CF764000CB1C7 /* LaunchScreen.storyboard */ = {
			isa = PBXVariantGroup;
			children = (
				9A9AB9AB242CF764000CB1C7 /* Base */,
			);
			name = LaunchScreen.storyboard;
			sourceTree = "<group>";
		};
/* End PBXVariantGroup section */

/* Begin XCBuildConfiguration section */
		9A9AB9AE242CF764000CB1C7 /* Debug */ = {
			isa = XCBuildConfiguration;
			buildSettings = {
				ALWAYS_SEARCH_USER_PATHS = NO;
				CLANG_ANALYZER_NONNULL = YES;
				CLANG_ANALYZER_NUMBER_OBJECT_CONVERSION = YES_AGGRESSIVE;
				CLANG_CXX_LANGUAGE_STANDARD = "gnu++14";
				CLANG_CXX_LIBRARY = "libc++";
				CLANG_ENABLE_MODULES = YES;
				CLANG_ENABLE_OBJC_ARC = YES;
				CLANG_ENABLE_OBJC_WEAK = YES;
				CLANG_WARN_BLOCK_CAPTURE_AUTORELEASING = YES;
				CLANG_WARN_BOOL_CONVERSION = YES;
				CLANG_WARN_COMMA = YES;
				CLANG_WARN_CONSTANT_CONVERSION = YES;
				CLANG_WARN_DEPRECATED_OBJC_IMPLEMENTATIONS = YES;
				CLANG_WARN_DIRECT_OBJC_ISA_USAGE = YES_ERROR;
				CLANG_WARN_DOCUMENTATION_COMMENTS = YES;
				CLANG_WARN_EMPTY_BODY = YES;
				CLANG_WARN_ENUM_CONVERSION = YES;
				CLANG_WARN_INFINITE_RECURSION = YES;
				CLANG_WARN_INT_CONVERSION = YES;
				CLANG_WARN_NON_LITERAL_NULL_CONVERSION = YES;
				CLANG_WARN_OBJC_IMPLICIT_RETAIN_SELF = YES;
				CLANG_WARN_OBJC_LITERAL_CONVERSION = YES;
				CLANG_WARN_OBJC_ROOT_CLASS = YES_ERROR;
				CLANG_WARN_RANGE_LOOP_ANALYSIS = YES;
				CLANG_WARN_STRICT_PROTOTYPES = YES;
				CLANG_WARN_SUSPICIOUS_MOVE = YES;
				CLANG_WARN_UNGUARDED_AVAILABILITY = YES_AGGRESSIVE;
				CLANG_WARN_UNREACHABLE_CODE = YES;
				CLANG_WARN__DUPLICATE_METHOD_MATCH = YES;
				COPY_PHASE_STRIP = NO;
				DEBUG_INFORMATION_FORMAT = dwarf;
				ENABLE_STRICT_OBJC_MSGSEND = YES;
				ENABLE_TESTABILITY = YES;
				GCC_C_LANGUAGE_STANDARD = gnu11;
				GCC_DYNAMIC_NO_PIC = NO;
				GCC_NO_COMMON_BLOCKS = YES;
				GCC_OPTIMIZATION_LEVEL = 0;
				GCC_PREPROCESSOR_DEFINITIONS = (
					"DEBUG=1",
					"$(inherited)",
				);
				GCC_WARN_64_TO_32_BIT_CONVERSION = YES;
				GCC_WARN_ABOUT_RETURN_TYPE = YES_ERROR;
				GCC_WARN_UNDECLARED_SELECTOR = YES;
				GCC_WARN_UNINITIALIZED_AUTOS = YES_AGGRESSIVE;
				GCC_WARN_UNUSED_FUNCTION = YES;
				GCC_WARN_UNUSED_VARIABLE = YES;
				IPHONEOS_DEPLOYMENT_TARGET = 13.2;
				MTL_ENABLE_DEBUG_INFO = INCLUDE_SOURCE;
				MTL_FAST_MATH = YES;
				ONLY_ACTIVE_ARCH = YES;
				SDKROOT = iphoneos;
				SWIFT_ACTIVE_COMPILATION_CONDITIONS = DEBUG;
				SWIFT_OPTIMIZATION_LEVEL = "-Onone";
			};
			name = Debug;
		};
		9A9AB9AF242CF764000CB1C7 /* Release */ = {
			isa = XCBuildConfiguration;
			buildSettings = {
				ALWAYS_SEARCH_USER_PATHS = NO;
				CLANG_ANALYZER_NONNULL = YES;
				CLANG_ANALYZER_NUMBER_OBJECT_CONVERSION = YES_AGGRESSIVE;
				CLANG_CXX_LANGUAGE_STANDARD = "gnu++14";
				CLANG_CXX_LIBRARY = "libc++";
				CLANG_ENABLE_MODULES = YES;
				CLANG_ENABLE_OBJC_ARC = YES;
				CLANG_ENABLE_OBJC_WEAK = YES;
				CLANG_WARN_BLOCK_CAPTURE_AUTORELEASING = YES;
				CLANG_WARN_BOOL_CONVERSION = YES;
				CLANG_WARN_COMMA = YES;
				CLANG_WARN_CONSTANT_CONVERSION = YES;
				CLANG_WARN_DEPRECATED_OBJC_IMPLEMENTATIONS = YES;
				CLANG_WARN_DIRECT_OBJC_ISA_USAGE = YES_ERROR;
				CLANG_WARN_DOCUMENTATION_COMMENTS = YES;
				CLANG_WARN_EMPTY_BODY = YES;
				CLANG_WARN_ENUM_CONVERSION = YES;
				CLANG_WARN_INFINITE_RECURSION = YES;
				CLANG_WARN_INT_CONVERSION = YES;
				CLANG_WARN_NON_LITERAL_NULL_CONVERSION = YES;
				CLANG_WARN_OBJC_IMPLICIT_RETAIN_SELF = YES;
				CLANG_WARN_OBJC_LITERAL_CONVERSION = YES;
				CLANG_WARN_OBJC_ROOT_CLASS = YES_ERROR;
				CLANG_WARN_RANGE_LOOP_ANALYSIS = YES;
				CLANG_WARN_STRICT_PROTOTYPES = YES;
				CLANG_WARN_SUSPICIOUS_MOVE = YES;
				CLANG_WARN_UNGUARDED_AVAILABILITY = YES_AGGRESSIVE;
				CLANG_WARN_UNREACHABLE_CODE = YES;
				CLANG_WARN__DUPLICATE_METHOD_MATCH = YES;
				COPY_PHASE_STRIP = NO;
				DEBUG_INFORMATION_FORMAT = "dwarf-with-dsym";
				ENABLE_NS_ASSERTIONS = NO;
				ENABLE_STRICT_OBJC_MSGSEND = YES;
				GCC_C_LANGUAGE_STANDARD = gnu11;
				GCC_NO_COMMON_BLOCKS = YES;
				GCC_WARN_64_TO_32_BIT_CONVERSION = YES;
				GCC_WARN_ABOUT_RETURN_TYPE = YES_ERROR;
				GCC_WARN_UNDECLARED_SELECTOR = YES;
				GCC_WARN_UNINITIALIZED_AUTOS = YES_AGGRESSIVE;
				GCC_WARN_UNUSED_FUNCTION = YES;
				GCC_WARN_UNUSED_VARIABLE = YES;
				IPHONEOS_DEPLOYMENT_TARGET = 13.2;
				MTL_ENABLE_DEBUG_INFO = NO;
				MTL_FAST_MATH = YES;
				SDKROOT = iphoneos;
				SWIFT_COMPILATION_MODE = wholemodule;
				SWIFT_OPTIMIZATION_LEVEL = "-O";
				VALIDATE_PRODUCT = YES;
			};
			name = Release;
		};
		9A9AB9B1242CF764000CB1C7 /* Debug */ = {
			isa = XCBuildConfiguration;
			buildSettings = {
				ASSETCATALOG_COMPILER_APPICON_NAME = AppIcon;
				CODE_SIGN_STYLE = Automatic;
				DEVELOPMENT_ASSET_PATHS = "\"Around the World/Preview Content\"";
				DEVELOPMENT_TEAM = M8D4D44AKQ;
				ENABLE_PREVIEWS = YES;
				INFOPLIST_FILE = "Around the World/Info.plist";
				LD_RUNPATH_SEARCH_PATHS = (
					"$(inherited)",
					"@executable_path/Frameworks",
				);
				PRODUCT_BUNDLE_IDENTIFIER = "com.example.Around-the-World";
				PRODUCT_NAME = "$(TARGET_NAME)";
				SWIFT_VERSION = 5.0;
				TARGETED_DEVICE_FAMILY = "1,2";
			};
			name = Debug;
		};
		9A9AB9B2242CF764000CB1C7 /* Release */ = {
			isa = XCBuildConfiguration;
			buildSettings = {
				ASSETCATALOG_COMPILER_APPICON_NAME = AppIcon;
				CODE_SIGN_STYLE = Automatic;
				DEVELOPMENT_ASSET_PATHS = "\"Around the World/Preview Content\"";
				DEVELOPMENT_TEAM = M8D4D44AKQ;
				ENABLE_PREVIEWS = YES;
				INFOPLIST_FILE = "Around the World/Info.plist";
				LD_RUNPATH_SEARCH_PATHS = (
					"$(inherited)",
					"@executable_path/Frameworks",
				);
				PRODUCT_BUNDLE_IDENTIFIER = "com.example.Around-the-World";
				PRODUCT_NAME = "$(TARGET_NAME)";
				SWIFT_VERSION = 5.0;
				TARGETED_DEVICE_FAMILY = "1,2";
			};
			name = Release;
		};
/* End XCBuildConfiguration section */

/* Begin XCConfigurationList section */
		9A9AB997242CF763000CB1C7 /* Build configuration list for PBXProject "Around the World" */ = {
			isa = XCConfigurationList;
			buildConfigurations = (
				9A9AB9AE242CF764000CB1C7 /* Debug */,
				9A9AB9AF242CF764000CB1C7 /* Release */,
			);
			defaultConfigurationIsVisible = 0;
			defaultConfigurationName = Release;
		};
		9A9AB9B0242CF764000CB1C7 /* Build configuration list for PBXNativeTarget "Around the World" */ = {
			isa = XCConfigurationList;
			buildConfigurations = (
				9A9AB9B1242CF764000CB1C7 /* Debug */,
				9A9AB9B2242CF764000CB1C7 /* Release */,
			);
			defaultConfigurationIsVisible = 0;
			defaultConfigurationName = Release;
		};
/* End XCConfigurationList section */
	};
	rootObject = 9A9AB994242CF763000CB1C7 /* Project object */;
}
